DEPENDENCIES
  apt
  git
  mongodb3
  nodebrew
    git: https://github.com/linyows/nodebrew-cookbook.git
    revision: 403eeeedbca0ca968d2df0d5b47238eba4a6b74f
    branch: v0.3.1

GRAPH
  apt (2.6.1)
  build-essential (2.1.3)
  chef_handler (1.1.6)
  dmg (2.2.2)
  git (4.1.0)
    build-essential (>= 0.0.0)
    dmg (>= 0.0.0)
    runit (>= 1.0)
    windows (>= 0.0.0)
    yum (~> 3.0)
    yum-epel (>= 0.0.0)
  mongodb3 (2.0.0)
    apt (>= 0.0.0)
    runit (~> 1.7.0)
    user (>= 0.0.0)
    yum (>= 0.0.0)
  nodebrew (0.3.0)
    build-essential (>= 0.0.0)
    git (>= 0.0.0)
  packagecloud (0.1.0)
  runit (1.7.2)
    packagecloud (>= 0.0.0)
  user (0.4.2)
  windows (1.36.1)
    chef_handler (>= 0.0.0)
  yum (3.7.1)
  yum-epel (0.6.0)
    yum (~> 3.0)
